{
  "name": "assets",
  "lockfileVersion": 3,
  "requires": true,
  "packages": {
    "": {
      "dependencies": {
        "angular": "^1.8.3",
        "angular-route": "^1.8.3",
        "bootstrap": "^5.2.3",
        "bootstrap-icons": "^1.10.2",
        "sweetalert2": "^11.6.15"
      }
    },
    "node_modules/@popperjs/core": {
      "version": "2.11.6",
      "resolved": "https://registry.npmjs.org/@popperjs/core/-/core-2.11.6.tgz",
      "integrity": "sha512-50/17A98tWUfQ176raKiOGXuYpLyyVMkxxG6oylzL3BPOlA6ADGdK7EYunSa4I064xerltq9TGXs8HmOk5E+vw==",
      "peer": true,
      "funding": {
        "type": "opencollective",
        "url": "https://opencollective.com/popperjs"
      }
    },
    "node_modules/angular": {
      "version": "1.8.3",
      "resolved": "https://registry.npmjs.org/angular/-/angular-1.8.3.tgz",
      "integrity": "sha512-5qjkWIQQVsHj4Sb5TcEs4WZWpFeVFHXwxEBHUhrny41D8UrBAd6T/6nPPAsLngJCReIOqi95W3mxdveveutpZw==",
      "deprecated": "For the actively supported Angular, see https://www.npmjs.com/package/@angular/core. AngularJS support has officially ended. For extended AngularJS support options, see https://goo.gle/angularjs-path-forward."
    },
    "node_modules/angular-route": {
      "version": "1.8.3",
      "resolved": "https://registry.npmjs.org/angular-route/-/angular-route-1.8.3.tgz",
      "integrity": "sha512-kpIcRmDR2+o1FxDVVYy8Rvfab86/7LDbOgTRb9T+X9ewPQiBRuDEnZtM3oJYBiQLvAXDYTJXHV48n/bGE9Mv2g==",
      "deprecated": "For the actively supported Angular, see https://www.npmjs.com/package/@angular/core. AngularJS support has officially ended. For extended AngularJS support options, see https://goo.gle/angularjs-path-forward."
    },
    "node_modules/bootstrap": {
      "version": "5.2.3",
      "resolved": "https://registry.npmjs.org/bootstrap/-/bootstrap-5.2.3.tgz",
      "integrity": "sha512-cEKPM+fwb3cT8NzQZYEu4HilJ3anCrWqh3CHAok1p9jXqMPsPTBhU25fBckEJHJ/p+tTxTFTsFQGM+gaHpi3QQ==",
      "funding": [
        {
          "type": "github",
          "url": "https://github.com/sponsors/twbs"
        },
        {
          "type": "opencollective",
          "url": "https://opencollective.com/bootstrap"
        }
      ],
      "peerDependencies": {
        "@popperjs/core": "^2.11.6"
      }
    },
    "node_modules/bootstrap-icons": {
      "version": "1.10.2",
      "resolved": "https://registry.npmjs.org/bootstrap-icons/-/bootstrap-icons-1.10.2.tgz",
      "integrity": "sha512-PTPYadRn1AMGr+QTSxe4ZCc+Wzv9DGZxbi3lNse/dajqV31n2/wl/7NX78ZpkvFgRNmH4ogdIQPQmxAfhEV6nA=="
    },
    "node_modules/sweetalert2": {
      "version": "11.6.15",
      "resolved": "https://registry.npmjs.org/sweetalert2/-/sweetalert2-11.6.15.tgz",
      "integrity": "sha512-FqMy1gRGHEI5G145NE5XSP059TziCJu9Xf9/mkki/aKu5pLNcYzjggOzKO5Ex10EBgAGDXQ99jyGfYYzGCYXRQ==",
      "funding": {
        "type": "individual",
        "url": "https://github.com/sponsors/limonte"
      }
    }
  }
}
